
Microsoft Visual Studio Solution File, Format Version 12.00
# Visual Studio Version 16
VisualStudioVersion = 16.0.29728.190
MinimumVisualStudioVersion = 10.0.40219.1
Project("{FAE04EC0-301F-11D3-BF4B-00C04F79EFBC}") = "data1", "data1\data1.csproj", "{755562E9-E3B4-4BFA-A8EB-E1C82B6448B1}"
EndProject
Global
	GlobalSection(SolutionConfigurationPlatforms) = preSolution
		Debug|Any CPU = Debug|Any CPU
		Release|Any CPU = Release|Any CPU
	EndGlobalSection
	GlobalSection(ProjectConfigurationPlatforms) = postSolution
		{755562E9-E3B4-4BFA-A8EB-E1C82B6448B1}.Debug|Any CPU.ActiveCfg = Debug|Any CPU
		{755562E9-E3B4-4BFA-A8EB-E1C82B6448B1}.Debug|Any CPU.Build.0 = Debug|Any CPU
		{755562E9-E3B4-4BFA-A8EB-E1C82B6448B1}.Release|Any CPU.ActiveCfg = Release|Any CPU
		{755562E9-E3B4-4BFA-A8EB-E1C82B6448B1}.Release|Any CPU.Build.0 = Release|Any CPU
	EndGlobalSection
	GlobalSection(SolutionProperties) = preSolution
		HideSolutionNode = FALSE
	EndGlobalSection
	GlobalSection(ExtensibilityGlobals) = postSolution
		SolutionGuid = {039E9A19-B6F6-433E-A00B-A268128A893E}
	EndGlobalSection
EndGlobal
